
Microsoft Visual Studio Solution File, Format Version 12.00
# Visual Studio Version 17
VisualStudioVersion = 17.14.36310.24 d17.14
MinimumVisualStudioVersion = 10.0.40219.1
Project("{FAE04EC0-301F-11D3-BF4B-00C04F79EFBC}") = "ProTasker", "ProTasker\ProTasker.csproj", "{4E8B2AD1-B77A-47EA-AD77-EF78F2BBBE0A}"
EndProject
Global
	GlobalSection(SolutionConfigurationPlatforms) = preSolution
		Debug|Any CPU = Debug|Any CPU
		Release|Any CPU = Release|Any CPU
	EndGlobalSection
	GlobalSection(ProjectConfigurationPlatforms) = postSolution
		{4E8B2AD1-B77A-47EA-AD77-EF78F2BBBE0A}.Debug|Any CPU.ActiveCfg = Debug|Any CPU
		{4E8B2AD1-B77A-47EA-AD77-EF78F2BBBE0A}.Debug|Any CPU.Build.0 = Debug|Any CPU
		{4E8B2AD1-B77A-47EA-AD77-EF78F2BBBE0A}.Release|Any CPU.ActiveCfg = Release|Any CPU
		{4E8B2AD1-B77A-47EA-AD77-EF78F2BBBE0A}.Release|Any CPU.Build.0 = Release|Any CPU
	EndGlobalSection
	GlobalSection(SolutionProperties) = preSolution
		HideSolutionNode = FALSE
	EndGlobalSection
	GlobalSection(ExtensibilityGlobals) = postSolution
		SolutionGuid = {ADF0DE13-43EA-4FE8-BF82-73C2AD424E95}
	EndGlobalSection
EndGlobal
